{
  "name": "mashow-iOS",
  "lockfileVersion": 3,
  "requires": true,
  "packages": {
    "": {
      "dependencies": {
        "mise": "^3.0.0"
      }
    },
    "node_modules/mise": {
      "version": "3.0.0",
      "resolved": "https://registry.npmjs.org/mise/-/mise-3.0.0.tgz",
      "integrity": "sha512-W5NOE1YZFMv/sWgn/M2PmXeuypIAGcGgtik4+PGFhVHx3bXE3IhwIc5+gt1JCfauf2wxq24rpGyMy0i9ymMUxA==",
      "license": "MIT"
    }
  }
}
